
Microsoft Visual Studio Solution File, Format Version 12.00
# Visual Studio Version 17
VisualStudioVersion = 17.3.32825.248
MinimumVisualStudioVersion = 10.0.40219.1
Project("{FAE04EC0-301F-11D3-BF4B-00C04F79EFBC}") = "NhanDienBienSoXe", "NhanDienBienSoXe\NhanDienBienSoXe.csproj", "{C5A45B48-3694-49CA-93E7-B880AEBDD6EA}"
EndProject
Global
	GlobalSection(SolutionConfigurationPlatforms) = preSolution
		Debug|Any CPU = Debug|Any CPU
		Release|Any CPU = Release|Any CPU
	EndGlobalSection
	GlobalSection(ProjectConfigurationPlatforms) = postSolution
		{C5A45B48-3694-49CA-93E7-B880AEBDD6EA}.Debug|Any CPU.ActiveCfg = Debug|Any CPU
		{C5A45B48-3694-49CA-93E7-B880AEBDD6EA}.Debug|Any CPU.Build.0 = Debug|Any CPU
		{C5A45B48-3694-49CA-93E7-B880AEBDD6EA}.Release|Any CPU.ActiveCfg = Release|Any CPU
		{C5A45B48-3694-49CA-93E7-B880AEBDD6EA}.Release|Any CPU.Build.0 = Release|Any CPU
	EndGlobalSection
	GlobalSection(SolutionProperties) = preSolution
		HideSolutionNode = FALSE
	EndGlobalSection
	GlobalSection(ExtensibilityGlobals) = postSolution
		SolutionGuid = {BA83D229-0B28-4BE2-BBB5-0F07244423F0}
	EndGlobalSection
EndGlobal
